
Microsoft Visual Studio Solution File, Format Version 12.00
# Visual Studio Version 16
VisualStudioVersion = 16.0.31702.278
MinimumVisualStudioVersion = 10.0.40219.1
Project("{FAE04EC0-301F-11D3-BF4B-00C04F79EFBC}") = "Salarios", "Salarios\Salarios.csproj", "{4F8C3343-F798-4649-A7FB-51640DC8593F}"
EndProject
Global
	GlobalSection(SolutionConfigurationPlatforms) = preSolution
		Debug|Any CPU = Debug|Any CPU
		Release|Any CPU = Release|Any CPU
	EndGlobalSection
	GlobalSection(ProjectConfigurationPlatforms) = postSolution
		{4F8C3343-F798-4649-A7FB-51640DC8593F}.Debug|Any CPU.ActiveCfg = Debug|Any CPU
		{4F8C3343-F798-4649-A7FB-51640DC8593F}.Debug|Any CPU.Build.0 = Debug|Any CPU
		{4F8C3343-F798-4649-A7FB-51640DC8593F}.Release|Any CPU.ActiveCfg = Release|Any CPU
		{4F8C3343-F798-4649-A7FB-51640DC8593F}.Release|Any CPU.Build.0 = Release|Any CPU
	EndGlobalSection
	GlobalSection(SolutionProperties) = preSolution
		HideSolutionNode = FALSE
	EndGlobalSection
	GlobalSection(ExtensibilityGlobals) = postSolution
		SolutionGuid = {3217C849-DC2D-41CF-8DE5-3417C9B30C32}
	EndGlobalSection
EndGlobal
